
Microsoft Visual Studio Solution File, Format Version 12.00
# Visual Studio Version 16
VisualStudioVersion = 16.0.32802.440
MinimumVisualStudioVersion = 10.0.40219.1
Project("{8BC9CEB8-8B4A-11D0-8D11-00A0C91BC942}") = "Two-dimensional_dynamic_array", "Two-dimensional_dynamic_array\Two-dimensional_dynamic_array.vcxproj", "{15A4182C-4953-4C03-AEE2-513FAD393C56}"
EndProject
Global
	GlobalSection(SolutionConfigurationPlatforms) = preSolution
		Debug|x64 = Debug|x64
		Debug|x86 = Debug|x86
		Release|x64 = Release|x64
		Release|x86 = Release|x86
	EndGlobalSection
	GlobalSection(ProjectConfigurationPlatforms) = postSolution
		{15A4182C-4953-4C03-AEE2-513FAD393C56}.Debug|x64.ActiveCfg = Debug|x64
		{15A4182C-4953-4C03-AEE2-513FAD393C56}.Debug|x64.Build.0 = Debug|x64
		{15A4182C-4953-4C03-AEE2-513FAD393C56}.Debug|x86.ActiveCfg = Debug|Win32
		{15A4182C-4953-4C03-AEE2-513FAD393C56}.Debug|x86.Build.0 = Debug|Win32
		{15A4182C-4953-4C03-AEE2-513FAD393C56}.Release|x64.ActiveCfg = Release|x64
		{15A4182C-4953-4C03-AEE2-513FAD393C56}.Release|x64.Build.0 = Release|x64
		{15A4182C-4953-4C03-AEE2-513FAD393C56}.Release|x86.ActiveCfg = Release|Win32
		{15A4182C-4953-4C03-AEE2-513FAD393C56}.Release|x86.Build.0 = Release|Win32
	EndGlobalSection
	GlobalSection(SolutionProperties) = preSolution
		HideSolutionNode = FALSE
	EndGlobalSection
	GlobalSection(ExtensibilityGlobals) = postSolution
		SolutionGuid = {651CF414-4580-4101-8E99-E630C80546DC}
	EndGlobalSection
EndGlobal
