
Microsoft Visual Studio Solution File, Format Version 12.00
# Visual Studio Version 16
VisualStudioVersion = 16.0.32802.440
MinimumVisualStudioVersion = 10.0.40219.1
Project("{8BC9CEB8-8B4A-11D0-8D11-00A0C91BC942}") = "First_ptogect", "First_ptogect\First_ptogect.vcxproj", "{23B25BA7-2E04-4F2C-B166-B003AE35052F}"
EndProject
Global
	GlobalSection(SolutionConfigurationPlatforms) = preSolution
		Debug|x64 = Debug|x64
		Debug|x86 = Debug|x86
		Release|x64 = Release|x64
		Release|x86 = Release|x86
	EndGlobalSection
	GlobalSection(ProjectConfigurationPlatforms) = postSolution
		{23B25BA7-2E04-4F2C-B166-B003AE35052F}.Debug|x64.ActiveCfg = Debug|x64
		{23B25BA7-2E04-4F2C-B166-B003AE35052F}.Debug|x64.Build.0 = Debug|x64
		{23B25BA7-2E04-4F2C-B166-B003AE35052F}.Debug|x86.ActiveCfg = Debug|Win32
		{23B25BA7-2E04-4F2C-B166-B003AE35052F}.Debug|x86.Build.0 = Debug|Win32
		{23B25BA7-2E04-4F2C-B166-B003AE35052F}.Release|x64.ActiveCfg = Release|x64
		{23B25BA7-2E04-4F2C-B166-B003AE35052F}.Release|x64.Build.0 = Release|x64
		{23B25BA7-2E04-4F2C-B166-B003AE35052F}.Release|x86.ActiveCfg = Release|Win32
		{23B25BA7-2E04-4F2C-B166-B003AE35052F}.Release|x86.Build.0 = Release|Win32
	EndGlobalSection
	GlobalSection(SolutionProperties) = preSolution
		HideSolutionNode = FALSE
	EndGlobalSection
	GlobalSection(ExtensibilityGlobals) = postSolution
		SolutionGuid = {1201C39A-36FA-4FDC-919D-4C06AC8FCB2A}
	EndGlobalSection
EndGlobal
